
Microsoft Visual Studio Solution File, Format Version 12.00
# Visual Studio Version 16
VisualStudioVersion = 16.0.30114.105
MinimumVisualStudioVersion = 10.0.40219.1
Project("{9A19103F-16F7-4668-BE54-9A1E7A4F7556}") = "Octoller.OrderLineHandler", "Octoller.OrderLineHandler\Octoller.OrderLineHandler.csproj", "{3F09829E-F698-4910-946B-A3F86C4617B4}"
EndProject
Project("{9A19103F-16F7-4668-BE54-9A1E7A4F7556}") = "Octoller.OrderLineTestApp", "Octoller.OrderLineTestApp\Octoller.OrderLineTestApp.csproj", "{041C8066-5405-474F-BC2F-F89A1A006D82}"
EndProject
Global
	GlobalSection(SolutionConfigurationPlatforms) = preSolution
		Debug|Any CPU = Debug|Any CPU
		Release|Any CPU = Release|Any CPU
	EndGlobalSection
	GlobalSection(ProjectConfigurationPlatforms) = postSolution
		{3F09829E-F698-4910-946B-A3F86C4617B4}.Debug|Any CPU.ActiveCfg = Debug|Any CPU
		{3F09829E-F698-4910-946B-A3F86C4617B4}.Debug|Any CPU.Build.0 = Debug|Any CPU
		{3F09829E-F698-4910-946B-A3F86C4617B4}.Release|Any CPU.ActiveCfg = Release|Any CPU
		{3F09829E-F698-4910-946B-A3F86C4617B4}.Release|Any CPU.Build.0 = Release|Any CPU
		{041C8066-5405-474F-BC2F-F89A1A006D82}.Debug|Any CPU.ActiveCfg = Debug|Any CPU
		{041C8066-5405-474F-BC2F-F89A1A006D82}.Debug|Any CPU.Build.0 = Debug|Any CPU
		{041C8066-5405-474F-BC2F-F89A1A006D82}.Release|Any CPU.ActiveCfg = Release|Any CPU
		{041C8066-5405-474F-BC2F-F89A1A006D82}.Release|Any CPU.Build.0 = Release|Any CPU
	EndGlobalSection
	GlobalSection(SolutionProperties) = preSolution
		HideSolutionNode = FALSE
	EndGlobalSection
	GlobalSection(ExtensibilityGlobals) = postSolution
		SolutionGuid = {103A6405-9EE1-4394-ADAD-710059A75CCD}
	EndGlobalSection
EndGlobal
